{
  "name": "l_systems",
  "version": "1.0.0",
  "lockfileVersion": 2,
  "requires": true,
  "packages": {
    "": {
      "version": "1.0.0",
      "license": "ISC",
      "dependencies": {
        "turtle-canvas": "^0.1.0"
      }
    },
    "node_modules/turtle-canvas": {
      "version": "0.1.0",
      "resolved": "https://registry.npmjs.org/turtle-canvas/-/turtle-canvas-0.1.0.tgz",
      "integrity": "sha1-FjWUpUCt4fZbWnYlep2e/lp2f98="
    }
  },
  "dependencies": {
    "turtle-canvas": {
      "version": "0.1.0",
      "resolved": "https://registry.npmjs.org/turtle-canvas/-/turtle-canvas-0.1.0.tgz",
      "integrity": "sha1-FjWUpUCt4fZbWnYlep2e/lp2f98="
    }
  }
}
