{
  "name": "lsystem-flask",
  "version": "1.0.0",
  "lockfileVersion": 1,
  "requires": true,
  "dependencies": {
    "turtle-canvas": {
      "version": "0.1.0",
      "resolved": "https://registry.npmjs.org/turtle-canvas/-/turtle-canvas-0.1.0.tgz",
      "integrity": "sha1-FjWUpUCt4fZbWnYlep2e/lp2f98="
    }
  }
}
